{
  "pins" : [
    {
      "identity" : "cachedasyncimage",
      "kind" : "remoteSourceControl",
      "location" : "https://github.com/bullinnyc/CachedAsyncImage",
      "state" : {
        "revision" : "4c8d11e510d9d771fe755258577da308fd0ca220",
        "version" : "2.1.0"
      }
    },
    {
      "identity" : "core",
      "kind" : "remoteSourceControl",
      "location" : "https://github.com/guptaaman1000/Core",
      "state" : {
        "branch" : "main",
        "revision" : "c43bb2c3c60af70202c5411e064a4e4e6750bf03"
      }
    },
    {
      "identity" : "ios-snapshot-test-case",
      "kind" : "remoteSourceControl",
      "location" : "https://github.com/uber/ios-snapshot-test-case.git",
      "state" : {
        "revision" : "7b10770333a961be6e5a41c9ce04b8c6d3990126",
        "version" : "8.0.0"
      }
    },
    {
      "identity" : "sharedcomponents",
      "kind" : "remoteSourceControl",
      "location" : "https://github.com/guptaaman1000/SharedComponents",
      "state" : {
        "branch" : "main",
        "revision" : "2755ceff08bba225553e7217702493e6992f9d19"
      }
    },
    {
      "identity" : "swinject",
      "kind" : "remoteSourceControl",
      "location" : "https://github.com/Swinject/Swinject.git",
      "state" : {
        "revision" : "463cb2d659c8ae34899d18057ea5b1bb86fc3178",
        "version" : "2.8.4"
      }
    }
  ],
  "version" : 2
}
