// !$*UTF8*$!
{
	archiveVersion = 1;
	classes = {
	};
	objectVersion = 56;
	objects = {

/* Begin PBXBuildFile section */
		05533C7C9FAE73CA213F2F8B /* Pods_MovieApp.framework in Frameworks */ = {isa = PBXBuildFile; fileRef = F1043E1ED585EDF76A13669F /* Pods_MovieApp.framework */; };
		30D7681AEAB3786DBFF03E40 /* Pods_MovieAppTests.framework in Frameworks */ = {isa = PBXBuildFile; fileRef = 06C27E2BE520B2D193B5198D /* Pods_MovieAppTests.framework */; };
		4110423C2AE148C6009811B3 /* MovieApp.swift in Sources */ = {isa = PBXBuildFile; fileRef = 4110423B2AE148C6009811B3 /* MovieApp.swift */; };
		411042412AE14C62009811B3 /* AppRouter.swift in Sources */ = {isa = PBXBuildFile; fileRef = 4110423E2AE14C62009811B3 /* AppRouter.swift */; };
		411042422AE14C62009811B3 /* Application.swift in Sources */ = {isa = PBXBuildFile; fileRef = 4110423F2AE14C62009811B3 /* Application.swift */; };
		411042432AE14C62009811B3 /* AppAssembly.swift in Sources */ = {isa = PBXBuildFile; fileRef = 411042402AE14C62009811B3 /* AppAssembly.swift */; };
		411042502AE14DD4009811B3 /* MovieListViewModel.swift in Sources */ = {isa = PBXBuildFile; fileRef = 4110424D2AE14DD4009811B3 /* MovieListViewModel.swift */; };
		411042512AE14DD4009811B3 /* MovieItemView.swift in Sources */ = {isa = PBXBuildFile; fileRef = 4110424E2AE14DD4009811B3 /* MovieItemView.swift */; };
		411042522AE14DD4009811B3 /* MovieListView.swift in Sources */ = {isa = PBXBuildFile; fileRef = 4110424F2AE14DD4009811B3 /* MovieListView.swift */; };
		411042542AE14DE2009811B3 /* MovieDetailViewModel.swift in Sources */ = {isa = PBXBuildFile; fileRef = 411042532AE14DE2009811B3 /* MovieDetailViewModel.swift */; };
		411042572AE14DED009811B3 /* MovieOptionsView.swift in Sources */ = {isa = PBXBuildFile; fileRef = 411042552AE14DED009811B3 /* MovieOptionsView.swift */; };
		411042582AE14DED009811B3 /* MovieOptionsViewModel.swift in Sources */ = {isa = PBXBuildFile; fileRef = 411042562AE14DED009811B3 /* MovieOptionsViewModel.swift */; };
		4110425A2AE14E37009811B3 /* MovieDetailView.swift in Sources */ = {isa = PBXBuildFile; fileRef = 411042592AE14E37009811B3 /* MovieDetailView.swift */; };
		4110425D2AE1C9FD009811B3 /* CachedAsyncImage in Frameworks */ = {isa = PBXBuildFile; productRef = 4110425C2AE1C9FD009811B3 /* CachedAsyncImage */; };
		4110425F2AE1C9FD009811B3 /* ExampleCachedAsyncImage in Frameworks */ = {isa = PBXBuildFile; productRef = 4110425E2AE1C9FD009811B3 /* ExampleCachedAsyncImage */; };
		411042792AE277CB009811B3 /* MovieDetail.json in Resources */ = {isa = PBXBuildFile; fileRef = 411042772AE277CB009811B3 /* MovieDetail.json */; };
		4110427A2AE277CB009811B3 /* MovieListResponse.json in Resources */ = {isa = PBXBuildFile; fileRef = 411042782AE277CB009811B3 /* MovieListResponse.json */; };
		411042802AE280D4009811B3 /* MovieMetaData.json in Resources */ = {isa = PBXBuildFile; fileRef = 4110427F2AE280D4009811B3 /* MovieMetaData.json */; };
		411042842AE288A3009811B3 /* MovieDetailViewModelTest.swift in Sources */ = {isa = PBXBuildFile; fileRef = 411042822AE288A3009811B3 /* MovieDetailViewModelTest.swift */; };
		411042852AE288A3009811B3 /* MovieListViewModelTest.swift in Sources */ = {isa = PBXBuildFile; fileRef = 411042832AE288A3009811B3 /* MovieListViewModelTest.swift */; };
		4110428A2AE293AA009811B3 /* MovieDetailTest.swift in Sources */ = {isa = PBXBuildFile; fileRef = 411042892AE293AA009811B3 /* MovieDetailTest.swift */; };
		4110428C2AE293DB009811B3 /* MovieListResponseTest.swift in Sources */ = {isa = PBXBuildFile; fileRef = 4110428B2AE293DB009811B3 /* MovieListResponseTest.swift */; };
		4110428E2AE2959F009811B3 /* MovieMetaDataTest.swift in Sources */ = {isa = PBXBuildFile; fileRef = 4110428D2AE2959F009811B3 /* MovieMetaDataTest.swift */; };
		411042902AE2979F009811B3 /* Utils.swift in Sources */ = {isa = PBXBuildFile; fileRef = 4110428F2AE2979E009811B3 /* Utils.swift */; };
		411042962AE2AEC9009811B3 /* SnapshotTestCase.swift in Sources */ = {isa = PBXBuildFile; fileRef = 411042952AE2AEC9009811B3 /* SnapshotTestCase.swift */; };
		416D37E22AE7A7BE0043538C /* CDLanguage.swift in Sources */ = {isa = PBXBuildFile; fileRef = 416D37DC2AE7A7BD0043538C /* CDLanguage.swift */; };
		416D37E32AE7A7BE0043538C /* Movie.xcdatamodeld in Sources */ = {isa = PBXBuildFile; fileRef = 416D37DD2AE7A7BD0043538C /* Movie.xcdatamodeld */; };
		416D37E42AE7A7BE0043538C /* CDMovieDetail.swift in Sources */ = {isa = PBXBuildFile; fileRef = 416D37DF2AE7A7BD0043538C /* CDMovieDetail.swift */; };
		416D37E52AE7A7BE0043538C /* CDGenre.swift in Sources */ = {isa = PBXBuildFile; fileRef = 416D37E02AE7A7BD0043538C /* CDGenre.swift */; };
		416D37E62AE7A7BE0043538C /* CoreDataManager.swift in Sources */ = {isa = PBXBuildFile; fileRef = 416D37E12AE7A7BD0043538C /* CoreDataManager.swift */; };
		416D37E82AE7A7EA0043538C /* SDGenre.swift in Sources */ = {isa = PBXBuildFile; fileRef = 416D37E72AE7A7EA0043538C /* SDGenre.swift */; };
		416D37EA2AE7A7F60043538C /* SDLanguage.swift in Sources */ = {isa = PBXBuildFile; fileRef = 416D37E92AE7A7F60043538C /* SDLanguage.swift */; };
		416D37EC2AE7A8010043538C /* SDMovieDetail.swift in Sources */ = {isa = PBXBuildFile; fileRef = 416D37EB2AE7A8010043538C /* SDMovieDetail.swift */; };
		416D37EE2AE7A8420043538C /* SwiftDataManager.swift in Sources */ = {isa = PBXBuildFile; fileRef = 416D37ED2AE7A8420043538C /* SwiftDataManager.swift */; };
		416D37F02AE7D0930043538C /* OfflineEntityProtocols.swift in Sources */ = {isa = PBXBuildFile; fileRef = 416D37EF2AE7D0930043538C /* OfflineEntityProtocols.swift */; };
		416FB09D2AE10B5000BA83E3 /* Constants.swift in Sources */ = {isa = PBXBuildFile; fileRef = 416FB09C2AE10B5000BA83E3 /* Constants.swift */; };
		41AB8B6F2AE2D94600F074CE /* Core in Frameworks */ = {isa = PBXBuildFile; productRef = 41AB8B6E2AE2D94600F074CE /* Core */; };
		41AB8B722AE2D95300F074CE /* SharedComponents in Frameworks */ = {isa = PBXBuildFile; productRef = 41AB8B712AE2D95300F074CE /* SharedComponents */; };
		41D7C79F2ADFC80F003CC771 /* Assets.xcassets in Resources */ = {isa = PBXBuildFile; fileRef = 41D7C79E2ADFC80F003CC771 /* Assets.xcassets */; };
		41D7C7A22ADFC80F003CC771 /* Preview Assets.xcassets in Resources */ = {isa = PBXBuildFile; fileRef = 41D7C7A12ADFC80F003CC771 /* Preview Assets.xcassets */; };
		41D7C7B62ADFC810003CC771 /* MovieAppUITests.swift in Sources */ = {isa = PBXBuildFile; fileRef = 41D7C7B52ADFC810003CC771 /* MovieAppUITests.swift */; };
		41D7C7B82ADFC810003CC771 /* MovieAppUITestsLaunchTests.swift in Sources */ = {isa = PBXBuildFile; fileRef = 41D7C7B72ADFC810003CC771 /* MovieAppUITestsLaunchTests.swift */; };
		41D7C7D82ADFCFA6003CC771 /* MovieMetaData.swift in Sources */ = {isa = PBXBuildFile; fileRef = 41D7C7D52ADFCFA6003CC771 /* MovieMetaData.swift */; };
		41D7C7D92ADFCFA6003CC771 /* MovieDetail.swift in Sources */ = {isa = PBXBuildFile; fileRef = 41D7C7D62ADFCFA6003CC771 /* MovieDetail.swift */; };
		41D7C7DA2ADFCFA6003CC771 /* MovieListResponse.swift in Sources */ = {isa = PBXBuildFile; fileRef = 41D7C7D72ADFCFA6003CC771 /* MovieListResponse.swift */; };
		41D7C7E42AE00820003CC771 /* Swinject in Frameworks */ = {isa = PBXBuildFile; productRef = 41D7C7E32AE00820003CC771 /* Swinject */; };
		41E1DE912AEE9D6C0086F1AC /* AppRouterTypeMock.swift in Sources */ = {isa = PBXBuildFile; fileRef = 41E1DE902AEE9D6C0086F1AC /* AppRouterTypeMock.swift */; };
		41E4896E2AEFB6B7002D758C /* MovieCDOfflineHandler.swift in Sources */ = {isa = PBXBuildFile; fileRef = 41E489672AEFB6B7002D758C /* MovieCDOfflineHandler.swift */; };
		41E4896F2AEFB6B7002D758C /* FavouriteHandler.swift in Sources */ = {isa = PBXBuildFile; fileRef = 41E489682AEFB6B7002D758C /* FavouriteHandler.swift */; };
		41E489702AEFB6B7002D758C /* FavouriteCDHandler.swift in Sources */ = {isa = PBXBuildFile; fileRef = 41E489692AEFB6B7002D758C /* FavouriteCDHandler.swift */; };
		41E489712AEFB6B7002D758C /* MovieNetworkHandler.swift in Sources */ = {isa = PBXBuildFile; fileRef = 41E4896A2AEFB6B7002D758C /* MovieNetworkHandler.swift */; };
		41E489722AEFB6B7002D758C /* FavouriteSDHandler.swift in Sources */ = {isa = PBXBuildFile; fileRef = 41E4896B2AEFB6B7002D758C /* FavouriteSDHandler.swift */; };
		41E489732AEFB6B7002D758C /* MovieHandler.swift in Sources */ = {isa = PBXBuildFile; fileRef = 41E4896C2AEFB6B7002D758C /* MovieHandler.swift */; };
		41E489742AEFB6B7002D758C /* MovieSDOfflineHandler.swift in Sources */ = {isa = PBXBuildFile; fileRef = 41E4896D2AEFB6B7002D758C /* MovieSDOfflineHandler.swift */; };
		41E489772AEFB750002D758C /* MovieHandlerTypeMock.swift in Sources */ = {isa = PBXBuildFile; fileRef = 41E489752AEFB750002D758C /* MovieHandlerTypeMock.swift */; };
		41E489782AEFB750002D758C /* FavouriteHandlerTypeMock.swift in Sources */ = {isa = PBXBuildFile; fileRef = 41E489762AEFB750002D758C /* FavouriteHandlerTypeMock.swift */; };
		B6A639535402744ACBD83E32 /* Pods_MovieApp_MovieAppUITests.framework in Frameworks */ = {isa = PBXBuildFile; fileRef = 7B4F244A441F9863BA9DD3A5 /* Pods_MovieApp_MovieAppUITests.framework */; };
/* End PBXBuildFile section */

/* Begin PBXContainerItemProxy section */
		41D7C7A82ADFC810003CC771 /* PBXContainerItemProxy */ = {
			isa = PBXContainerItemProxy;
			containerPortal = 41D7C78F2ADFC80D003CC771 /* Project object */;
			proxyType = 1;
			remoteGlobalIDString = 41D7C7962ADFC80D003CC771;
			remoteInfo = MovieApp;
		};
		41D7C7B22ADFC810003CC771 /* PBXContainerItemProxy */ = {
			isa = PBXContainerItemProxy;
			containerPortal = 41D7C78F2ADFC80D003CC771 /* Project object */;
			proxyType = 1;
			remoteGlobalIDString = 41D7C7962ADFC80D003CC771;
			remoteInfo = MovieApp;
		};
/* End PBXContainerItemProxy section */

/* Begin PBXFileReference section */
		06C27E2BE520B2D193B5198D /* Pods_MovieAppTests.framework */ = {isa = PBXFileReference; explicitFileType = wrapper.framework; includeInIndex = 0; path = Pods_MovieAppTests.framework; sourceTree = BUILT_PRODUCTS_DIR; };
		4110423B2AE148C6009811B3 /* MovieApp.swift */ = {isa = PBXFileReference; fileEncoding = 4; lastKnownFileType = sourcecode.swift; path = MovieApp.swift; sourceTree = "<group>"; };
		4110423E2AE14C62009811B3 /* AppRouter.swift */ = {isa = PBXFileReference; fileEncoding = 4; lastKnownFileType = sourcecode.swift; path = AppRouter.swift; sourceTree = "<group>"; };
		4110423F2AE14C62009811B3 /* Application.swift */ = {isa = PBXFileReference; fileEncoding = 4; lastKnownFileType = sourcecode.swift; path = Application.swift; sourceTree = "<group>"; };
		411042402AE14C62009811B3 /* AppAssembly.swift */ = {isa = PBXFileReference; fileEncoding = 4; lastKnownFileType = sourcecode.swift; path = AppAssembly.swift; sourceTree = "<group>"; };
		4110424D2AE14DD4009811B3 /* MovieListViewModel.swift */ = {isa = PBXFileReference; fileEncoding = 4; lastKnownFileType = sourcecode.swift; path = MovieListViewModel.swift; sourceTree = "<group>"; };
		4110424E2AE14DD4009811B3 /* MovieItemView.swift */ = {isa = PBXFileReference; fileEncoding = 4; lastKnownFileType = sourcecode.swift; path = MovieItemView.swift; sourceTree = "<group>"; };
		4110424F2AE14DD4009811B3 /* MovieListView.swift */ = {isa = PBXFileReference; fileEncoding = 4; lastKnownFileType = sourcecode.swift; path = MovieListView.swift; sourceTree = "<group>"; };
		411042532AE14DE2009811B3 /* MovieDetailViewModel.swift */ = {isa = PBXFileReference; fileEncoding = 4; lastKnownFileType = sourcecode.swift; path = MovieDetailViewModel.swift; sourceTree = "<group>"; };
		411042552AE14DED009811B3 /* MovieOptionsView.swift */ = {isa = PBXFileReference; fileEncoding = 4; lastKnownFileType = sourcecode.swift; path = MovieOptionsView.swift; sourceTree = "<group>"; };
		411042562AE14DED009811B3 /* MovieOptionsViewModel.swift */ = {isa = PBXFileReference; fileEncoding = 4; lastKnownFileType = sourcecode.swift; path = MovieOptionsViewModel.swift; sourceTree = "<group>"; };
		411042592AE14E37009811B3 /* MovieDetailView.swift */ = {isa = PBXFileReference; lastKnownFileType = sourcecode.swift; path = MovieDetailView.swift; sourceTree = "<group>"; };
		411042772AE277CB009811B3 /* MovieDetail.json */ = {isa = PBXFileReference; fileEncoding = 4; lastKnownFileType = text.json; path = MovieDetail.json; sourceTree = "<group>"; };
		411042782AE277CB009811B3 /* MovieListResponse.json */ = {isa = PBXFileReference; fileEncoding = 4; lastKnownFileType = text.json; path = MovieListResponse.json; sourceTree = "<group>"; };
		4110427F2AE280D4009811B3 /* MovieMetaData.json */ = {isa = PBXFileReference; fileEncoding = 4; lastKnownFileType = text.json; path = MovieMetaData.json; sourceTree = "<group>"; };
		411042822AE288A3009811B3 /* MovieDetailViewModelTest.swift */ = {isa = PBXFileReference; fileEncoding = 4; lastKnownFileType = sourcecode.swift; path = MovieDetailViewModelTest.swift; sourceTree = "<group>"; };
		411042832AE288A3009811B3 /* MovieListViewModelTest.swift */ = {isa = PBXFileReference; fileEncoding = 4; lastKnownFileType = sourcecode.swift; path = MovieListViewModelTest.swift; sourceTree = "<group>"; };
		411042892AE293AA009811B3 /* MovieDetailTest.swift */ = {isa = PBXFileReference; fileEncoding = 4; lastKnownFileType = sourcecode.swift; path = MovieDetailTest.swift; sourceTree = "<group>"; };
		4110428B2AE293DB009811B3 /* MovieListResponseTest.swift */ = {isa = PBXFileReference; lastKnownFileType = sourcecode.swift; path = MovieListResponseTest.swift; sourceTree = "<group>"; };
		4110428D2AE2959F009811B3 /* MovieMetaDataTest.swift */ = {isa = PBXFileReference; lastKnownFileType = sourcecode.swift; path = MovieMetaDataTest.swift; sourceTree = "<group>"; };
		4110428F2AE2979E009811B3 /* Utils.swift */ = {isa = PBXFileReference; lastKnownFileType = sourcecode.swift; path = Utils.swift; sourceTree = "<group>"; };
		411042952AE2AEC9009811B3 /* SnapshotTestCase.swift */ = {isa = PBXFileReference; lastKnownFileType = sourcecode.swift; path = SnapshotTestCase.swift; sourceTree = "<group>"; };
		416D37DC2AE7A7BD0043538C /* CDLanguage.swift */ = {isa = PBXFileReference; fileEncoding = 4; lastKnownFileType = sourcecode.swift; path = CDLanguage.swift; sourceTree = "<group>"; };
		416D37DE2AE7A7BD0043538C /* Movie.xcdatamodel */ = {isa = PBXFileReference; lastKnownFileType = wrapper.xcdatamodel; path = Movie.xcdatamodel; sourceTree = "<group>"; };
		416D37DF2AE7A7BD0043538C /* CDMovieDetail.swift */ = {isa = PBXFileReference; fileEncoding = 4; lastKnownFileType = sourcecode.swift; path = CDMovieDetail.swift; sourceTree = "<group>"; };
		416D37E02AE7A7BD0043538C /* CDGenre.swift */ = {isa = PBXFileReference; fileEncoding = 4; lastKnownFileType = sourcecode.swift; path = CDGenre.swift; sourceTree = "<group>"; };
		416D37E12AE7A7BD0043538C /* CoreDataManager.swift */ = {isa = PBXFileReference; fileEncoding = 4; lastKnownFileType = sourcecode.swift; path = CoreDataManager.swift; sourceTree = "<group>"; };
		416D37E72AE7A7EA0043538C /* SDGenre.swift */ = {isa = PBXFileReference; lastKnownFileType = sourcecode.swift; path = SDGenre.swift; sourceTree = "<group>"; };
		416D37E92AE7A7F60043538C /* SDLanguage.swift */ = {isa = PBXFileReference; lastKnownFileType = sourcecode.swift; path = SDLanguage.swift; sourceTree = "<group>"; };
		416D37EB2AE7A8010043538C /* SDMovieDetail.swift */ = {isa = PBXFileReference; lastKnownFileType = sourcecode.swift; path = SDMovieDetail.swift; sourceTree = "<group>"; };
		416D37ED2AE7A8420043538C /* SwiftDataManager.swift */ = {isa = PBXFileReference; lastKnownFileType = sourcecode.swift; path = SwiftDataManager.swift; sourceTree = "<group>"; };
		416D37EF2AE7D0930043538C /* OfflineEntityProtocols.swift */ = {isa = PBXFileReference; lastKnownFileType = sourcecode.swift; path = OfflineEntityProtocols.swift; sourceTree = "<group>"; };
		416FB09C2AE10B5000BA83E3 /* Constants.swift */ = {isa = PBXFileReference; fileEncoding = 4; lastKnownFileType = sourcecode.swift; path = Constants.swift; sourceTree = "<group>"; };
		41D7C7972ADFC80D003CC771 /* MovieApp.app */ = {isa = PBXFileReference; explicitFileType = wrapper.application; includeInIndex = 0; path = MovieApp.app; sourceTree = BUILT_PRODUCTS_DIR; };
		41D7C79E2ADFC80F003CC771 /* Assets.xcassets */ = {isa = PBXFileReference; lastKnownFileType = folder.assetcatalog; path = Assets.xcassets; sourceTree = "<group>"; };
		41D7C7A12ADFC80F003CC771 /* Preview Assets.xcassets */ = {isa = PBXFileReference; lastKnownFileType = folder.assetcatalog; path = "Preview Assets.xcassets"; sourceTree = "<group>"; };
		41D7C7A72ADFC810003CC771 /* MovieAppTests.xctest */ = {isa = PBXFileReference; explicitFileType = wrapper.cfbundle; includeInIndex = 0; path = MovieAppTests.xctest; sourceTree = BUILT_PRODUCTS_DIR; };
		41D7C7B12ADFC810003CC771 /* MovieAppUITests.xctest */ = {isa = PBXFileReference; explicitFileType = wrapper.cfbundle; includeInIndex = 0; path = MovieAppUITests.xctest; sourceTree = BUILT_PRODUCTS_DIR; };
		41D7C7B52ADFC810003CC771 /* MovieAppUITests.swift */ = {isa = PBXFileReference; lastKnownFileType = sourcecode.swift; path = MovieAppUITests.swift; sourceTree = "<group>"; };
		41D7C7B72ADFC810003CC771 /* MovieAppUITestsLaunchTests.swift */ = {isa = PBXFileReference; lastKnownFileType = sourcecode.swift; path = MovieAppUITestsLaunchTests.swift; sourceTree = "<group>"; };
		41D7C7D52ADFCFA6003CC771 /* MovieMetaData.swift */ = {isa = PBXFileReference; fileEncoding = 4; lastKnownFileType = sourcecode.swift; path = MovieMetaData.swift; sourceTree = "<group>"; };
		41D7C7D62ADFCFA6003CC771 /* MovieDetail.swift */ = {isa = PBXFileReference; fileEncoding = 4; lastKnownFileType = sourcecode.swift; path = MovieDetail.swift; sourceTree = "<group>"; };
		41D7C7D72ADFCFA6003CC771 /* MovieListResponse.swift */ = {isa = PBXFileReference; fileEncoding = 4; lastKnownFileType = sourcecode.swift; path = MovieListResponse.swift; sourceTree = "<group>"; };
		41E1DE902AEE9D6C0086F1AC /* AppRouterTypeMock.swift */ = {isa = PBXFileReference; lastKnownFileType = sourcecode.swift; path = AppRouterTypeMock.swift; sourceTree = "<group>"; };
		41E489672AEFB6B7002D758C /* MovieCDOfflineHandler.swift */ = {isa = PBXFileReference; fileEncoding = 4; lastKnownFileType = sourcecode.swift; path = MovieCDOfflineHandler.swift; sourceTree = "<group>"; };
		41E489682AEFB6B7002D758C /* FavouriteHandler.swift */ = {isa = PBXFileReference; fileEncoding = 4; lastKnownFileType = sourcecode.swift; path = FavouriteHandler.swift; sourceTree = "<group>"; };
		41E489692AEFB6B7002D758C /* FavouriteCDHandler.swift */ = {isa = PBXFileReference; fileEncoding = 4; lastKnownFileType = sourcecode.swift; path = FavouriteCDHandler.swift; sourceTree = "<group>"; };
		41E4896A2AEFB6B7002D758C /* MovieNetworkHandler.swift */ = {isa = PBXFileReference; fileEncoding = 4; lastKnownFileType = sourcecode.swift; path = MovieNetworkHandler.swift; sourceTree = "<group>"; };
		41E4896B2AEFB6B7002D758C /* FavouriteSDHandler.swift */ = {isa = PBXFileReference; fileEncoding = 4; lastKnownFileType = sourcecode.swift; path = FavouriteSDHandler.swift; sourceTree = "<group>"; };
		41E4896C2AEFB6B7002D758C /* MovieHandler.swift */ = {isa = PBXFileReference; fileEncoding = 4; lastKnownFileType = sourcecode.swift; path = MovieHandler.swift; sourceTree = "<group>"; };
		41E4896D2AEFB6B7002D758C /* MovieSDOfflineHandler.swift */ = {isa = PBXFileReference; fileEncoding = 4; lastKnownFileType = sourcecode.swift; path = MovieSDOfflineHandler.swift; sourceTree = "<group>"; };
		41E489752AEFB750002D758C /* MovieHandlerTypeMock.swift */ = {isa = PBXFileReference; fileEncoding = 4; lastKnownFileType = sourcecode.swift; path = MovieHandlerTypeMock.swift; sourceTree = "<group>"; };
		41E489762AEFB750002D758C /* FavouriteHandlerTypeMock.swift */ = {isa = PBXFileReference; fileEncoding = 4; lastKnownFileType = sourcecode.swift; path = FavouriteHandlerTypeMock.swift; sourceTree = "<group>"; };
		64504C93E4A49A37FF766152 /* Pods-MovieApp.debug.xcconfig */ = {isa = PBXFileReference; includeInIndex = 1; lastKnownFileType = text.xcconfig; name = "Pods-MovieApp.debug.xcconfig"; path = "Target Support Files/Pods-MovieApp/Pods-MovieApp.debug.xcconfig"; sourceTree = "<group>"; };
		7B4F244A441F9863BA9DD3A5 /* Pods_MovieApp_MovieAppUITests.framework */ = {isa = PBXFileReference; explicitFileType = wrapper.framework; includeInIndex = 0; path = Pods_MovieApp_MovieAppUITests.framework; sourceTree = BUILT_PRODUCTS_DIR; };
		8D0B3C7CB15AF5928603E980 /* Pods-MovieApp-MovieAppUITests.debug.xcconfig */ = {isa = PBXFileReference; includeInIndex = 1; lastKnownFileType = text.xcconfig; name = "Pods-MovieApp-MovieAppUITests.debug.xcconfig"; path = "Target Support Files/Pods-MovieApp-MovieAppUITests/Pods-MovieApp-MovieAppUITests.debug.xcconfig"; sourceTree = "<group>"; };
		975E5EE7F7DFEED26C18C701 /* Pods-MovieAppTests.debug.xcconfig */ = {isa = PBXFileReference; includeInIndex = 1; lastKnownFileType = text.xcconfig; name = "Pods-MovieAppTests.debug.xcconfig"; path = "Target Support Files/Pods-MovieAppTests/Pods-MovieAppTests.debug.xcconfig"; sourceTree = "<group>"; };
		BDF266678DC060ADAEE94BDD /* Pods-MovieApp.release.xcconfig */ = {isa = PBXFileReference; includeInIndex = 1; lastKnownFileType = text.xcconfig; name = "Pods-MovieApp.release.xcconfig"; path = "Target Support Files/Pods-MovieApp/Pods-MovieApp.release.xcconfig"; sourceTree = "<group>"; };
		D7C5409399F1246E36A0F945 /* Pods-MovieApp-MovieAppUITests.release.xcconfig */ = {isa = PBXFileReference; includeInIndex = 1; lastKnownFileType = text.xcconfig; name = "Pods-MovieApp-MovieAppUITests.release.xcconfig"; path = "Target Support Files/Pods-MovieApp-MovieAppUITests/Pods-MovieApp-MovieAppUITests.release.xcconfig"; sourceTree = "<group>"; };
		DE724307663EED9B799DA3CD /* Pods-MovieAppTests.release.xcconfig */ = {isa = PBXFileReference; includeInIndex = 1; lastKnownFileType = text.xcconfig; name = "Pods-MovieAppTests.release.xcconfig"; path = "Target Support Files/Pods-MovieAppTests/Pods-MovieAppTests.release.xcconfig"; sourceTree = "<group>"; };
		F1043E1ED585EDF76A13669F /* Pods_MovieApp.framework */ = {isa = PBXFileReference; explicitFileType = wrapper.framework; includeInIndex = 0; path = Pods_MovieApp.framework; sourceTree = BUILT_PRODUCTS_DIR; };
/* End PBXFileReference section */

/* Begin PBXFrameworksBuildPhase section */
		41D7C7942ADFC80D003CC771 /* Frameworks */ = {
			isa = PBXFrameworksBuildPhase;
			buildActionMask = 2147483647;
			files = (
				4110425D2AE1C9FD009811B3 /* CachedAsyncImage in Frameworks */,
				4110425F2AE1C9FD009811B3 /* ExampleCachedAsyncImage in Frameworks */,
				41D7C7E42AE00820003CC771 /* Swinject in Frameworks */,
				41AB8B722AE2D95300F074CE /* SharedComponents in Frameworks */,
				41AB8B6F2AE2D94600F074CE /* Core in Frameworks */,
				05533C7C9FAE73CA213F2F8B /* Pods_MovieApp.framework in Frameworks */,
			);
			runOnlyForDeploymentPostprocessing = 0;
		};
		41D7C7A42ADFC810003CC771 /* Frameworks */ = {
			isa = PBXFrameworksBuildPhase;
			buildActionMask = 2147483647;
			files = (
				30D7681AEAB3786DBFF03E40 /* Pods_MovieAppTests.framework in Frameworks */,
			);
			runOnlyForDeploymentPostprocessing = 0;
		};
		41D7C7AE2ADFC810003CC771 /* Frameworks */ = {
			isa = PBXFrameworksBuildPhase;
			buildActionMask = 2147483647;
			files = (
				B6A639535402744ACBD83E32 /* Pods_MovieApp_MovieAppUITests.framework in Frameworks */,
			);
			runOnlyForDeploymentPostprocessing = 0;
		};
/* End PBXFrameworksBuildPhase section */

/* Begin PBXGroup section */
		4110423D2AE14C47009811B3 /* Router */ = {
			isa = PBXGroup;
			children = (
				411042402AE14C62009811B3 /* AppAssembly.swift */,
				4110423F2AE14C62009811B3 /* Application.swift */,
				4110423E2AE14C62009811B3 /* AppRouter.swift */,
			);
			path = Router;
			sourceTree = "<group>";
		};
		411042442AE14CA8009811B3 /* Views */ = {
			isa = PBXGroup;
			children = (
				4110424C2AE14D8D009811B3 /* Options */,
				4110424A2AE14D76009811B3 /* List */,
				4110424B2AE14D86009811B3 /* Detail */,
			);
			path = Views;
			sourceTree = "<group>";
		};
		4110424A2AE14D76009811B3 /* List */ = {
			isa = PBXGroup;
			children = (
				4110424E2AE14DD4009811B3 /* MovieItemView.swift */,
				4110424F2AE14DD4009811B3 /* MovieListView.swift */,
				4110424D2AE14DD4009811B3 /* MovieListViewModel.swift */,
			);
			path = List;
			sourceTree = "<group>";
		};
		4110424B2AE14D86009811B3 /* Detail */ = {
			isa = PBXGroup;
			children = (
				411042592AE14E37009811B3 /* MovieDetailView.swift */,
				411042532AE14DE2009811B3 /* MovieDetailViewModel.swift */,
			);
			path = Detail;
			sourceTree = "<group>";
		};
		4110424C2AE14D8D009811B3 /* Options */ = {
			isa = PBXGroup;
			children = (
				411042552AE14DED009811B3 /* MovieOptionsView.swift */,
				411042562AE14DED009811B3 /* MovieOptionsViewModel.swift */,
			);
			path = Options;
			sourceTree = "<group>";
		};
		411042732AE27642009811B3 /* Mocks */ = {
			isa = PBXGroup;
			children = (
				41E489752AEFB750002D758C /* MovieHandlerTypeMock.swift */,
				41E489762AEFB750002D758C /* FavouriteHandlerTypeMock.swift */,
				41E1DE902AEE9D6C0086F1AC /* AppRouterTypeMock.swift */,
			);
			path = Mocks;
			sourceTree = "<group>";
		};
		411042762AE27790009811B3 /* Resources */ = {
			isa = PBXGroup;
			children = (
				4110427F2AE280D4009811B3 /* MovieMetaData.json */,
				411042772AE277CB009811B3 /* MovieDetail.json */,
				411042782AE277CB009811B3 /* MovieListResponse.json */,
			);
			path = Resources;
			sourceTree = "<group>";
		};
		411042812AE28887009811B3 /* Views */ = {
			isa = PBXGroup;
			children = (
				411042822AE288A3009811B3 /* MovieDetailViewModelTest.swift */,
				411042832AE288A3009811B3 /* MovieListViewModelTest.swift */,
			);
			path = Views;
			sourceTree = "<group>";
		};
		411042862AE2912C009811B3 /* Entities */ = {
			isa = PBXGroup;
			children = (
				411042892AE293AA009811B3 /* MovieDetailTest.swift */,
				4110428B2AE293DB009811B3 /* MovieListResponseTest.swift */,
				4110428D2AE2959F009811B3 /* MovieMetaDataTest.swift */,
			);
			path = Entities;
			sourceTree = "<group>";
		};
		411042942AE2AEAF009811B3 /* SnapshotTests */ = {
			isa = PBXGroup;
			children = (
				411042952AE2AEC9009811B3 /* SnapshotTestCase.swift */,
			);
			path = SnapshotTests;
			sourceTree = "<group>";
		};
		416D37DA2AE7A7830043538C /* Core Data */ = {
			isa = PBXGroup;
			children = (
				416D37DD2AE7A7BD0043538C /* Movie.xcdatamodeld */,
				416D37E02AE7A7BD0043538C /* CDGenre.swift */,
				416D37DC2AE7A7BD0043538C /* CDLanguage.swift */,
				416D37DF2AE7A7BD0043538C /* CDMovieDetail.swift */,
				416D37E12AE7A7BD0043538C /* CoreDataManager.swift */,
			);
			path = "Core Data";
			sourceTree = "<group>";
		};
		416D37DB2AE7A78D0043538C /* Swift Data */ = {
			isa = PBXGroup;
			children = (
				416D37E72AE7A7EA0043538C /* SDGenre.swift */,
				416D37E92AE7A7F60043538C /* SDLanguage.swift */,
				416D37EB2AE7A8010043538C /* SDMovieDetail.swift */,
				416D37ED2AE7A8420043538C /* SwiftDataManager.swift */,
			);
			path = "Swift Data";
			sourceTree = "<group>";
		};
		41D7C78E2ADFC80D003CC771 = {
			isa = PBXGroup;
			children = (
				41D7C7992ADFC80D003CC771 /* MovieApp */,
				41D7C7AA2ADFC810003CC771 /* MovieAppTests */,
				41D7C7B42ADFC810003CC771 /* MovieAppUITests */,
				41D7C7982ADFC80D003CC771 /* Products */,
				41D7C7C52ADFCC9C003CC771 /* Frameworks */,
				89F7BA00CA069C4B2B30A622 /* Pods */,
			);
			sourceTree = "<group>";
		};
		41D7C7982ADFC80D003CC771 /* Products */ = {
			isa = PBXGroup;
			children = (
				41D7C7972ADFC80D003CC771 /* MovieApp.app */,
				41D7C7A72ADFC810003CC771 /* MovieAppTests.xctest */,
				41D7C7B12ADFC810003CC771 /* MovieAppUITests.xctest */,
			);
			name = Products;
			sourceTree = "<group>";
		};
		41D7C7992ADFC80D003CC771 /* MovieApp */ = {
			isa = PBXGroup;
			children = (
				4110423D2AE14C47009811B3 /* Router */,
				41E489662AEFB681002D758C /* Handlers */,
				41D7C7D42ADFCF83003CC771 /* Entities */,
				41D7C7C82ADFCF06003CC771 /* OfflineData */,
				411042442AE14CA8009811B3 /* Views */,
				4110423B2AE148C6009811B3 /* MovieApp.swift */,
				416FB09C2AE10B5000BA83E3 /* Constants.swift */,
				41D7C79E2ADFC80F003CC771 /* Assets.xcassets */,
				41D7C7A02ADFC80F003CC771 /* Preview Content */,
			);
			path = MovieApp;
			sourceTree = "<group>";
		};
		41D7C7A02ADFC80F003CC771 /* Preview Content */ = {
			isa = PBXGroup;
			children = (
				41D7C7A12ADFC80F003CC771 /* Preview Assets.xcassets */,
			);
			path = "Preview Content";
			sourceTree = "<group>";
		};
		41D7C7AA2ADFC810003CC771 /* MovieAppTests */ = {
			isa = PBXGroup;
			children = (
				411042942AE2AEAF009811B3 /* SnapshotTests */,
				411042862AE2912C009811B3 /* Entities */,
				411042812AE28887009811B3 /* Views */,
				411042762AE27790009811B3 /* Resources */,
				411042732AE27642009811B3 /* Mocks */,
				4110428F2AE2979E009811B3 /* Utils.swift */,
			);
			path = MovieAppTests;
			sourceTree = "<group>";
		};
		41D7C7B42ADFC810003CC771 /* MovieAppUITests */ = {
			isa = PBXGroup;
			children = (
				41D7C7B52ADFC810003CC771 /* MovieAppUITests.swift */,
				41D7C7B72ADFC810003CC771 /* MovieAppUITestsLaunchTests.swift */,
			);
			path = MovieAppUITests;
			sourceTree = "<group>";
		};
		41D7C7C52ADFCC9C003CC771 /* Frameworks */ = {
			isa = PBXGroup;
			children = (
				F1043E1ED585EDF76A13669F /* Pods_MovieApp.framework */,
				7B4F244A441F9863BA9DD3A5 /* Pods_MovieApp_MovieAppUITests.framework */,
				06C27E2BE520B2D193B5198D /* Pods_MovieAppTests.framework */,
			);
			name = Frameworks;
			sourceTree = "<group>";
		};
		41D7C7C82ADFCF06003CC771 /* OfflineData */ = {
			isa = PBXGroup;
			children = (
				416D37EF2AE7D0930043538C /* OfflineEntityProtocols.swift */,
				416D37DB2AE7A78D0043538C /* Swift Data */,
				416D37DA2AE7A7830043538C /* Core Data */,
			);
			path = OfflineData;
			sourceTree = "<group>";
		};
		41D7C7D42ADFCF83003CC771 /* Entities */ = {
			isa = PBXGroup;
			children = (
				41D7C7D62ADFCFA6003CC771 /* MovieDetail.swift */,
				41D7C7D72ADFCFA6003CC771 /* MovieListResponse.swift */,
				41D7C7D52ADFCFA6003CC771 /* MovieMetaData.swift */,
			);
			path = Entities;
			sourceTree = "<group>";
		};
		41E489662AEFB681002D758C /* Handlers */ = {
			isa = PBXGroup;
			children = (
				41E4896C2AEFB6B7002D758C /* MovieHandler.swift */,
				41E4896A2AEFB6B7002D758C /* MovieNetworkHandler.swift */,
				41E489672AEFB6B7002D758C /* MovieCDOfflineHandler.swift */,
				41E4896D2AEFB6B7002D758C /* MovieSDOfflineHandler.swift */,
				41E489682AEFB6B7002D758C /* FavouriteHandler.swift */,
				41E489692AEFB6B7002D758C /* FavouriteCDHandler.swift */,
				41E4896B2AEFB6B7002D758C /* FavouriteSDHandler.swift */,
			);
			path = Handlers;
			sourceTree = "<group>";
		};
		89F7BA00CA069C4B2B30A622 /* Pods */ = {
			isa = PBXGroup;
			children = (
				64504C93E4A49A37FF766152 /* Pods-MovieApp.debug.xcconfig */,
				BDF266678DC060ADAEE94BDD /* Pods-MovieApp.release.xcconfig */,
				8D0B3C7CB15AF5928603E980 /* Pods-MovieApp-MovieAppUITests.debug.xcconfig */,
				D7C5409399F1246E36A0F945 /* Pods-MovieApp-MovieAppUITests.release.xcconfig */,
				975E5EE7F7DFEED26C18C701 /* Pods-MovieAppTests.debug.xcconfig */,
				DE724307663EED9B799DA3CD /* Pods-MovieAppTests.release.xcconfig */,
			);
			path = Pods;
			sourceTree = "<group>";
		};
/* End PBXGroup section */

/* Begin PBXNativeTarget section */
		41D7C7962ADFC80D003CC771 /* MovieApp */ = {
			isa = PBXNativeTarget;
			buildConfigurationList = 41D7C7BB2ADFC810003CC771 /* Build configuration list for PBXNativeTarget "MovieApp" */;
			buildPhases = (
				74521431F983D3834ADEB09D /* [CP] Check Pods Manifest.lock */,
				41D7C7932ADFC80D003CC771 /* Sources */,
				41D7C7942ADFC80D003CC771 /* Frameworks */,
				41D7C7952ADFC80D003CC771 /* Resources */,
			);
			buildRules = (
			);
			dependencies = (
			);
			name = MovieApp;
			packageProductDependencies = (
				41D7C7E32AE00820003CC771 /* Swinject */,
				4110425C2AE1C9FD009811B3 /* CachedAsyncImage */,
				4110425E2AE1C9FD009811B3 /* ExampleCachedAsyncImage */,
				41AB8B6E2AE2D94600F074CE /* Core */,
				41AB8B712AE2D95300F074CE /* SharedComponents */,
			);
			productName = MovieApp;
			productReference = 41D7C7972ADFC80D003CC771 /* MovieApp.app */;
			productType = "com.apple.product-type.application";
		};
		41D7C7A62ADFC810003CC771 /* MovieAppTests */ = {
			isa = PBXNativeTarget;
			buildConfigurationList = 41D7C7BE2ADFC810003CC771 /* Build configuration list for PBXNativeTarget "MovieAppTests" */;
			buildPhases = (
				41FE54C7364407E57A7B1AA8 /* [CP] Check Pods Manifest.lock */,
				41D7C7A32ADFC810003CC771 /* Sources */,
				41D7C7A42ADFC810003CC771 /* Frameworks */,
				41D7C7A52ADFC810003CC771 /* Resources */,
				B925BCC4F405327F361F44C2 /* [CP] Embed Pods Frameworks */,
			);
			buildRules = (
			);
			dependencies = (
				41D7C7A92ADFC810003CC771 /* PBXTargetDependency */,
			);
			name = MovieAppTests;
			productName = MovieAppTests;
			productReference = 41D7C7A72ADFC810003CC771 /* MovieAppTests.xctest */;
			productType = "com.apple.product-type.bundle.unit-test";
		};
		41D7C7B02ADFC810003CC771 /* MovieAppUITests */ = {
			isa = PBXNativeTarget;
			buildConfigurationList = 41D7C7C12ADFC810003CC771 /* Build configuration list for PBXNativeTarget "MovieAppUITests" */;
			buildPhases = (
				410E5A02242CB204415E6481 /* [CP] Check Pods Manifest.lock */,
				41D7C7AD2ADFC810003CC771 /* Sources */,
				41D7C7AE2ADFC810003CC771 /* Frameworks */,
				41D7C7AF2ADFC810003CC771 /* Resources */,
				8126F2248FAB88975A3FF3BB /* [CP] Embed Pods Frameworks */,
			);
			buildRules = (
			);
			dependencies = (
				41D7C7B32ADFC810003CC771 /* PBXTargetDependency */,
			);
			name = MovieAppUITests;
			productName = MovieAppUITests;
			productReference = 41D7C7B12ADFC810003CC771 /* MovieAppUITests.xctest */;
			productType = "com.apple.product-type.bundle.ui-testing";
		};
/* End PBXNativeTarget section */

/* Begin PBXProject section */
		41D7C78F2ADFC80D003CC771 /* Project object */ = {
			isa = PBXProject;
			attributes = {
				BuildIndependentTargetsInParallel = 1;
				LastSwiftUpdateCheck = 1420;
				LastUpgradeCheck = 1420;
				TargetAttributes = {
					41D7C7962ADFC80D003CC771 = {
						CreatedOnToolsVersion = 14.2;
					};
					41D7C7A62ADFC810003CC771 = {
						CreatedOnToolsVersion = 14.2;
						TestTargetID = 41D7C7962ADFC80D003CC771;
					};
					41D7C7B02ADFC810003CC771 = {
						CreatedOnToolsVersion = 14.2;
						TestTargetID = 41D7C7962ADFC80D003CC771;
					};
				};
			};
			buildConfigurationList = 41D7C7922ADFC80D003CC771 /* Build configuration list for PBXProject "MovieApp" */;
			compatibilityVersion = "Xcode 14.0";
			developmentRegion = en;
			hasScannedForEncodings = 0;
			knownRegions = (
				en,
				Base,
			);
			mainGroup = 41D7C78E2ADFC80D003CC771;
			packageReferences = (
				41D7C7E22AE00820003CC771 /* XCRemoteSwiftPackageReference "Swinject" */,
				4110425B2AE1C9FD009811B3 /* XCRemoteSwiftPackageReference "CachedAsyncImage" */,
				41AB8B6D2AE2D94600F074CE /* XCRemoteSwiftPackageReference "Core" */,
				41AB8B702AE2D95300F074CE /* XCRemoteSwiftPackageReference "SharedComponents" */,
			);
			productRefGroup = 41D7C7982ADFC80D003CC771 /* Products */;
			projectDirPath = "";
			projectRoot = "";
			targets = (
				41D7C7962ADFC80D003CC771 /* MovieApp */,
				41D7C7A62ADFC810003CC771 /* MovieAppTests */,
				41D7C7B02ADFC810003CC771 /* MovieAppUITests */,
			);
		};
/* End PBXProject section */

/* Begin PBXResourcesBuildPhase section */
		41D7C7952ADFC80D003CC771 /* Resources */ = {
			isa = PBXResourcesBuildPhase;
			buildActionMask = 2147483647;
			files = (
				41D7C7A22ADFC80F003CC771 /* Preview Assets.xcassets in Resources */,
				41D7C79F2ADFC80F003CC771 /* Assets.xcassets in Resources */,
			);
			runOnlyForDeploymentPostprocessing = 0;
		};
		41D7C7A52ADFC810003CC771 /* Resources */ = {
			isa = PBXResourcesBuildPhase;
			buildActionMask = 2147483647;
			files = (
				411042802AE280D4009811B3 /* MovieMetaData.json in Resources */,
				411042792AE277CB009811B3 /* MovieDetail.json in Resources */,
				4110427A2AE277CB009811B3 /* MovieListResponse.json in Resources */,
			);
			runOnlyForDeploymentPostprocessing = 0;
		};
		41D7C7AF2ADFC810003CC771 /* Resources */ = {
			isa = PBXResourcesBuildPhase;
			buildActionMask = 2147483647;
			files = (
			);
			runOnlyForDeploymentPostprocessing = 0;
		};
/* End PBXResourcesBuildPhase section */

/* Begin PBXShellScriptBuildPhase section */
		410E5A02242CB204415E6481 /* [CP] Check Pods Manifest.lock */ = {
			isa = PBXShellScriptBuildPhase;
			buildActionMask = 2147483647;
			files = (
			);
			inputFileListPaths = (
			);
			inputPaths = (
				"${PODS_PODFILE_DIR_PATH}/Podfile.lock",
				"${PODS_ROOT}/Manifest.lock",
			);
			name = "[CP] Check Pods Manifest.lock";
			outputFileListPaths = (
			);
			outputPaths = (
				"$(DERIVED_FILE_DIR)/Pods-MovieApp-MovieAppUITests-checkManifestLockResult.txt",
			);
			runOnlyForDeploymentPostprocessing = 0;
			shellPath = /bin/sh;
			shellScript = "diff \"${PODS_PODFILE_DIR_PATH}/Podfile.lock\" \"${PODS_ROOT}/Manifest.lock\" > /dev/null\nif [ $? != 0 ] ; then\n    # print error to STDERR\n    echo \"error: The sandbox is not in sync with the Podfile.lock. Run 'pod install' or update your CocoaPods installation.\" >&2\n    exit 1\nfi\n# This output is used by Xcode 'outputs' to avoid re-running this script phase.\necho \"SUCCESS\" > \"${SCRIPT_OUTPUT_FILE_0}\"\n";
			showEnvVarsInLog = 0;
		};
		41FE54C7364407E57A7B1AA8 /* [CP] Check Pods Manifest.lock */ = {
			isa = PBXShellScriptBuildPhase;
			buildActionMask = 2147483647;
			files = (
			);
			inputFileListPaths = (
			);
			inputPaths = (
				"${PODS_PODFILE_DIR_PATH}/Podfile.lock",
				"${PODS_ROOT}/Manifest.lock",
			);
			name = "[CP] Check Pods Manifest.lock";
			outputFileListPaths = (
			);
			outputPaths = (
				"$(DERIVED_FILE_DIR)/Pods-MovieAppTests-checkManifestLockResult.txt",
			);
			runOnlyForDeploymentPostprocessing = 0;
			shellPath = /bin/sh;
			shellScript = "diff \"${PODS_PODFILE_DIR_PATH}/Podfile.lock\" \"${PODS_ROOT}/Manifest.lock\" > /dev/null\nif [ $? != 0 ] ; then\n    # print error to STDERR\n    echo \"error: The sandbox is not in sync with the Podfile.lock. Run 'pod install' or update your CocoaPods installation.\" >&2\n    exit 1\nfi\n# This output is used by Xcode 'outputs' to avoid re-running this script phase.\necho \"SUCCESS\" > \"${SCRIPT_OUTPUT_FILE_0}\"\n";
			showEnvVarsInLog = 0;
		};
		74521431F983D3834ADEB09D /* [CP] Check Pods Manifest.lock */ = {
			isa = PBXShellScriptBuildPhase;
			buildActionMask = 2147483647;
			files = (
			);
			inputFileListPaths = (
			);
			inputPaths = (
				"${PODS_PODFILE_DIR_PATH}/Podfile.lock",
				"${PODS_ROOT}/Manifest.lock",
			);
			name = "[CP] Check Pods Manifest.lock";
			outputFileListPaths = (
			);
			outputPaths = (
				"$(DERIVED_FILE_DIR)/Pods-MovieApp-checkManifestLockResult.txt",
			);
			runOnlyForDeploymentPostprocessing = 0;
			shellPath = /bin/sh;
			shellScript = "diff \"${PODS_PODFILE_DIR_PATH}/Podfile.lock\" \"${PODS_ROOT}/Manifest.lock\" > /dev/null\nif [ $? != 0 ] ; then\n    # print error to STDERR\n    echo \"error: The sandbox is not in sync with the Podfile.lock. Run 'pod install' or update your CocoaPods installation.\" >&2\n    exit 1\nfi\n# This output is used by Xcode 'outputs' to avoid re-running this script phase.\necho \"SUCCESS\" > \"${SCRIPT_OUTPUT_FILE_0}\"\n";
			showEnvVarsInLog = 0;
		};
		8126F2248FAB88975A3FF3BB /* [CP] Embed Pods Frameworks */ = {
			isa = PBXShellScriptBuildPhase;
			buildActionMask = 2147483647;
			files = (
			);
			inputFileListPaths = (
				"${PODS_ROOT}/Target Support Files/Pods-MovieApp-MovieAppUITests/Pods-MovieApp-MovieAppUITests-frameworks-${CONFIGURATION}-input-files.xcfilelist",
			);
			name = "[CP] Embed Pods Frameworks";
			outputFileListPaths = (
				"${PODS_ROOT}/Target Support Files/Pods-MovieApp-MovieAppUITests/Pods-MovieApp-MovieAppUITests-frameworks-${CONFIGURATION}-output-files.xcfilelist",
			);
			runOnlyForDeploymentPostprocessing = 0;
			shellPath = /bin/sh;
			shellScript = "\"${PODS_ROOT}/Target Support Files/Pods-MovieApp-MovieAppUITests/Pods-MovieApp-MovieAppUITests-frameworks.sh\"\n";
			showEnvVarsInLog = 0;
		};
		B925BCC4F405327F361F44C2 /* [CP] Embed Pods Frameworks */ = {
			isa = PBXShellScriptBuildPhase;
			buildActionMask = 2147483647;
			files = (
			);
			inputFileListPaths = (
				"${PODS_ROOT}/Target Support Files/Pods-MovieAppTests/Pods-MovieAppTests-frameworks-${CONFIGURATION}-input-files.xcfilelist",
			);
			name = "[CP] Embed Pods Frameworks";
			outputFileListPaths = (
				"${PODS_ROOT}/Target Support Files/Pods-MovieAppTests/Pods-MovieAppTests-frameworks-${CONFIGURATION}-output-files.xcfilelist",
			);
			runOnlyForDeploymentPostprocessing = 0;
			shellPath = /bin/sh;
			shellScript = "\"${PODS_ROOT}/Target Support Files/Pods-MovieAppTests/Pods-MovieAppTests-frameworks.sh\"\n";
			showEnvVarsInLog = 0;
		};
/* End PBXShellScriptBuildPhase section */

/* Begin PBXSourcesBuildPhase section */
		41D7C7932ADFC80D003CC771 /* Sources */ = {
			isa = PBXSourcesBuildPhase;
			buildActionMask = 2147483647;
			files = (
				411042502AE14DD4009811B3 /* MovieListViewModel.swift in Sources */,
				416D37E32AE7A7BE0043538C /* Movie.xcdatamodeld in Sources */,
				4110423C2AE148C6009811B3 /* MovieApp.swift in Sources */,
				411042512AE14DD4009811B3 /* MovieItemView.swift in Sources */,
				416D37EE2AE7A8420043538C /* SwiftDataManager.swift in Sources */,
				411042412AE14C62009811B3 /* AppRouter.swift in Sources */,
				416FB09D2AE10B5000BA83E3 /* Constants.swift in Sources */,
				416D37E82AE7A7EA0043538C /* SDGenre.swift in Sources */,
				416D37E62AE7A7BE0043538C /* CoreDataManager.swift in Sources */,
				416D37E52AE7A7BE0043538C /* CDGenre.swift in Sources */,
				416D37F02AE7D0930043538C /* OfflineEntityProtocols.swift in Sources */,
				416D37E42AE7A7BE0043538C /* CDMovieDetail.swift in Sources */,
				416D37EA2AE7A7F60043538C /* SDLanguage.swift in Sources */,
				416D37E22AE7A7BE0043538C /* CDLanguage.swift in Sources */,
				41E489742AEFB6B7002D758C /* MovieSDOfflineHandler.swift in Sources */,
				41E4896E2AEFB6B7002D758C /* MovieCDOfflineHandler.swift in Sources */,
				41E489732AEFB6B7002D758C /* MovieHandler.swift in Sources */,
				41D7C7DA2ADFCFA6003CC771 /* MovieListResponse.swift in Sources */,
				41D7C7D92ADFCFA6003CC771 /* MovieDetail.swift in Sources */,
				411042422AE14C62009811B3 /* Application.swift in Sources */,
				411042432AE14C62009811B3 /* AppAssembly.swift in Sources */,
				41E4896F2AEFB6B7002D758C /* FavouriteHandler.swift in Sources */,
				41E489712AEFB6B7002D758C /* MovieNetworkHandler.swift in Sources */,
				416D37EC2AE7A8010043538C /* SDMovieDetail.swift in Sources */,
				41E489702AEFB6B7002D758C /* FavouriteCDHandler.swift in Sources */,
				411042572AE14DED009811B3 /* MovieOptionsView.swift in Sources */,
				411042582AE14DED009811B3 /* MovieOptionsViewModel.swift in Sources */,
				411042522AE14DD4009811B3 /* MovieListView.swift in Sources */,
				411042542AE14DE2009811B3 /* MovieDetailViewModel.swift in Sources */,
				41E489722AEFB6B7002D758C /* FavouriteSDHandler.swift in Sources */,
				4110425A2AE14E37009811B3 /* MovieDetailView.swift in Sources */,
				41D7C7D82ADFCFA6003CC771 /* MovieMetaData.swift in Sources */,
			);
			runOnlyForDeploymentPostprocessing = 0;
		};
		41D7C7A32ADFC810003CC771 /* Sources */ = {
			isa = PBXSourcesBuildPhase;
			buildActionMask = 2147483647;
			files = (
				411042842AE288A3009811B3 /* MovieDetailViewModelTest.swift in Sources */,
				41E489772AEFB750002D758C /* MovieHandlerTypeMock.swift in Sources */,
				41E1DE912AEE9D6C0086F1AC /* AppRouterTypeMock.swift in Sources */,
				411042852AE288A3009811B3 /* MovieListViewModelTest.swift in Sources */,
				411042902AE2979F009811B3 /* Utils.swift in Sources */,
				4110428E2AE2959F009811B3 /* MovieMetaDataTest.swift in Sources */,
				411042962AE2AEC9009811B3 /* SnapshotTestCase.swift in Sources */,
				4110428C2AE293DB009811B3 /* MovieListResponseTest.swift in Sources */,
				41E489782AEFB750002D758C /* FavouriteHandlerTypeMock.swift in Sources */,
				4110428A2AE293AA009811B3 /* MovieDetailTest.swift in Sources */,
			);
			runOnlyForDeploymentPostprocessing = 0;
		};
		41D7C7AD2ADFC810003CC771 /* Sources */ = {
			isa = PBXSourcesBuildPhase;
			buildActionMask = 2147483647;
			files = (
				41D7C7B82ADFC810003CC771 /* MovieAppUITestsLaunchTests.swift in Sources */,
				41D7C7B62ADFC810003CC771 /* MovieAppUITests.swift in Sources */,
			);
			runOnlyForDeploymentPostprocessing = 0;
		};
/* End PBXSourcesBuildPhase section */

/* Begin PBXTargetDependency section */
		41D7C7A92ADFC810003CC771 /* PBXTargetDependency */ = {
			isa = PBXTargetDependency;
			target = 41D7C7962ADFC80D003CC771 /* MovieApp */;
			targetProxy = 41D7C7A82ADFC810003CC771 /* PBXContainerItemProxy */;
		};
		41D7C7B32ADFC810003CC771 /* PBXTargetDependency */ = {
			isa = PBXTargetDependency;
			target = 41D7C7962ADFC80D003CC771 /* MovieApp */;
			targetProxy = 41D7C7B22ADFC810003CC771 /* PBXContainerItemProxy */;
		};
/* End PBXTargetDependency section */

/* Begin XCBuildConfiguration section */
		41D7C7B92ADFC810003CC771 /* Debug */ = {
			isa = XCBuildConfiguration;
			buildSettings = {
				ALWAYS_SEARCH_USER_PATHS = NO;
				CLANG_ANALYZER_NONNULL = YES;
				CLANG_ANALYZER_NUMBER_OBJECT_CONVERSION = YES_AGGRESSIVE;
				CLANG_CXX_LANGUAGE_STANDARD = "gnu++20";
				CLANG_ENABLE_MODULES = YES;
				CLANG_ENABLE_OBJC_ARC = YES;
				CLANG_ENABLE_OBJC_WEAK = YES;
				CLANG_WARN_BLOCK_CAPTURE_AUTORELEASING = YES;
				CLANG_WARN_BOOL_CONVERSION = YES;
				CLANG_WARN_COMMA = YES;
				CLANG_WARN_CONSTANT_CONVERSION = YES;
				CLANG_WARN_DEPRECATED_OBJC_IMPLEMENTATIONS = YES;
				CLANG_WARN_DIRECT_OBJC_ISA_USAGE = YES_ERROR;
				CLANG_WARN_DOCUMENTATION_COMMENTS = YES;
				CLANG_WARN_EMPTY_BODY = YES;
				CLANG_WARN_ENUM_CONVERSION = YES;
				CLANG_WARN_INFINITE_RECURSION = YES;
				CLANG_WARN_INT_CONVERSION = YES;
				CLANG_WARN_NON_LITERAL_NULL_CONVERSION = YES;
				CLANG_WARN_OBJC_IMPLICIT_RETAIN_SELF = YES;
				CLANG_WARN_OBJC_LITERAL_CONVERSION = YES;
				CLANG_WARN_OBJC_ROOT_CLASS = YES_ERROR;
				CLANG_WARN_QUOTED_INCLUDE_IN_FRAMEWORK_HEADER = YES;
				CLANG_WARN_RANGE_LOOP_ANALYSIS = YES;
				CLANG_WARN_STRICT_PROTOTYPES = YES;
				CLANG_WARN_SUSPICIOUS_MOVE = YES;
				CLANG_WARN_UNGUARDED_AVAILABILITY = YES_AGGRESSIVE;
				CLANG_WARN_UNREACHABLE_CODE = YES;
				CLANG_WARN__DUPLICATE_METHOD_MATCH = YES;
				COPY_PHASE_STRIP = NO;
				DEBUG_INFORMATION_FORMAT = dwarf;
				ENABLE_STRICT_OBJC_MSGSEND = YES;
				ENABLE_TESTABILITY = YES;
				GCC_C_LANGUAGE_STANDARD = gnu11;
				GCC_DYNAMIC_NO_PIC = NO;
				GCC_NO_COMMON_BLOCKS = YES;
				GCC_OPTIMIZATION_LEVEL = 0;
				GCC_PREPROCESSOR_DEFINITIONS = (
					"DEBUG=1",
					"$(inherited)",
				);
				GCC_WARN_64_TO_32_BIT_CONVERSION = YES;
				GCC_WARN_ABOUT_RETURN_TYPE = YES_ERROR;
				GCC_WARN_UNDECLARED_SELECTOR = YES;
				GCC_WARN_UNINITIALIZED_AUTOS = YES_AGGRESSIVE;
				GCC_WARN_UNUSED_FUNCTION = YES;
				GCC_WARN_UNUSED_VARIABLE = YES;
				IPHONEOS_DEPLOYMENT_TARGET = 15.0;
				MTL_ENABLE_DEBUG_INFO = INCLUDE_SOURCE;
				MTL_FAST_MATH = YES;
				ONLY_ACTIVE_ARCH = YES;
				SDKROOT = iphoneos;
				SWIFT_ACTIVE_COMPILATION_CONDITIONS = DEBUG;
				SWIFT_OPTIMIZATION_LEVEL = "-Onone";
			};
			name = Debug;
		};
		41D7C7BA2ADFC810003CC771 /* Release */ = {
			isa = XCBuildConfiguration;
			buildSettings = {
				ALWAYS_SEARCH_USER_PATHS = NO;
				CLANG_ANALYZER_NONNULL = YES;
				CLANG_ANALYZER_NUMBER_OBJECT_CONVERSION = YES_AGGRESSIVE;
				CLANG_CXX_LANGUAGE_STANDARD = "gnu++20";
				CLANG_ENABLE_MODULES = YES;
				CLANG_ENABLE_OBJC_ARC = YES;
				CLANG_ENABLE_OBJC_WEAK = YES;
				CLANG_WARN_BLOCK_CAPTURE_AUTORELEASING = YES;
				CLANG_WARN_BOOL_CONVERSION = YES;
				CLANG_WARN_COMMA = YES;
				CLANG_WARN_CONSTANT_CONVERSION = YES;
				CLANG_WARN_DEPRECATED_OBJC_IMPLEMENTATIONS = YES;
				CLANG_WARN_DIRECT_OBJC_ISA_USAGE = YES_ERROR;
				CLANG_WARN_DOCUMENTATION_COMMENTS = YES;
				CLANG_WARN_EMPTY_BODY = YES;
				CLANG_WARN_ENUM_CONVERSION = YES;
				CLANG_WARN_INFINITE_RECURSION = YES;
				CLANG_WARN_INT_CONVERSION = YES;
				CLANG_WARN_NON_LITERAL_NULL_CONVERSION = YES;
				CLANG_WARN_OBJC_IMPLICIT_RETAIN_SELF = YES;
				CLANG_WARN_OBJC_LITERAL_CONVERSION = YES;
				CLANG_WARN_OBJC_ROOT_CLASS = YES_ERROR;
				CLANG_WARN_QUOTED_INCLUDE_IN_FRAMEWORK_HEADER = YES;
				CLANG_WARN_RANGE_LOOP_ANALYSIS = YES;
				CLANG_WARN_STRICT_PROTOTYPES = YES;
				CLANG_WARN_SUSPICIOUS_MOVE = YES;
				CLANG_WARN_UNGUARDED_AVAILABILITY = YES_AGGRESSIVE;
				CLANG_WARN_UNREACHABLE_CODE = YES;
				CLANG_WARN__DUPLICATE_METHOD_MATCH = YES;
				COPY_PHASE_STRIP = NO;
				DEBUG_INFORMATION_FORMAT = "dwarf-with-dsym";
				ENABLE_NS_ASSERTIONS = NO;
				ENABLE_STRICT_OBJC_MSGSEND = YES;
				GCC_C_LANGUAGE_STANDARD = gnu11;
				GCC_NO_COMMON_BLOCKS = YES;
				GCC_WARN_64_TO_32_BIT_CONVERSION = YES;
				GCC_WARN_ABOUT_RETURN_TYPE = YES_ERROR;
				GCC_WARN_UNDECLARED_SELECTOR = YES;
				GCC_WARN_UNINITIALIZED_AUTOS = YES_AGGRESSIVE;
				GCC_WARN_UNUSED_FUNCTION = YES;
				GCC_WARN_UNUSED_VARIABLE = YES;
				IPHONEOS_DEPLOYMENT_TARGET = 15.0;
				MTL_ENABLE_DEBUG_INFO = NO;
				MTL_FAST_MATH = YES;
				SDKROOT = iphoneos;
				SWIFT_COMPILATION_MODE = wholemodule;
				SWIFT_OPTIMIZATION_LEVEL = "-O";
				VALIDATE_PRODUCT = YES;
			};
			name = Release;
		};
		41D7C7BC2ADFC810003CC771 /* Debug */ = {
			isa = XCBuildConfiguration;
			baseConfigurationReference = 64504C93E4A49A37FF766152 /* Pods-MovieApp.debug.xcconfig */;
			buildSettings = {
				ASSETCATALOG_COMPILER_APPICON_NAME = AppIcon;
				ASSETCATALOG_COMPILER_GLOBAL_ACCENT_COLOR_NAME = AccentColor;
				CODE_SIGN_STYLE = Automatic;
				CURRENT_PROJECT_VERSION = 1;
				DEVELOPMENT_ASSET_PATHS = "\"MovieApp/Preview Content\"";
				ENABLE_PREVIEWS = YES;
				GENERATE_INFOPLIST_FILE = YES;
				INFOPLIST_KEY_UIApplicationSceneManifest_Generation = YES;
				INFOPLIST_KEY_UIApplicationSupportsIndirectInputEvents = YES;
				INFOPLIST_KEY_UILaunchScreen_Generation = YES;
				INFOPLIST_KEY_UISupportedInterfaceOrientations_iPad = "UIInterfaceOrientationPortrait UIInterfaceOrientationPortraitUpsideDown UIInterfaceOrientationLandscapeLeft UIInterfaceOrientationLandscapeRight";
				INFOPLIST_KEY_UISupportedInterfaceOrientations_iPhone = "UIInterfaceOrientationPortrait UIInterfaceOrientationLandscapeLeft UIInterfaceOrientationLandscapeRight";
				IPHONEOS_DEPLOYMENT_TARGET = 17.0;
				LD_RUNPATH_SEARCH_PATHS = (
					"$(inherited)",
					"@executable_path/Frameworks",
				);
				MARKETING_VERSION = 1.0;
				PRODUCT_BUNDLE_IDENTIFIER = ps.MovieApp;
				PRODUCT_NAME = "$(TARGET_NAME)";
				SWIFT_EMIT_LOC_STRINGS = YES;
				SWIFT_VERSION = 5.0;
				TARGETED_DEVICE_FAMILY = "1,2";
			};
			name = Debug;
		};
		41D7C7BD2ADFC810003CC771 /* Release */ = {
			isa = XCBuildConfiguration;
			baseConfigurationReference = BDF266678DC060ADAEE94BDD /* Pods-MovieApp.release.xcconfig */;
			buildSettings = {
				ASSETCATALOG_COMPILER_APPICON_NAME = AppIcon;
				ASSETCATALOG_COMPILER_GLOBAL_ACCENT_COLOR_NAME = AccentColor;
				CODE_SIGN_STYLE = Automatic;
				CURRENT_PROJECT_VERSION = 1;
				DEVELOPMENT_ASSET_PATHS = "\"MovieApp/Preview Content\"";
				ENABLE_PREVIEWS = YES;
				GENERATE_INFOPLIST_FILE = YES;
				INFOPLIST_KEY_UIApplicationSceneManifest_Generation = YES;
				INFOPLIST_KEY_UIApplicationSupportsIndirectInputEvents = YES;
				INFOPLIST_KEY_UILaunchScreen_Generation = YES;
				INFOPLIST_KEY_UISupportedInterfaceOrientations_iPad = "UIInterfaceOrientationPortrait UIInterfaceOrientationPortraitUpsideDown UIInterfaceOrientationLandscapeLeft UIInterfaceOrientationLandscapeRight";
				INFOPLIST_KEY_UISupportedInterfaceOrientations_iPhone = "UIInterfaceOrientationPortrait UIInterfaceOrientationLandscapeLeft UIInterfaceOrientationLandscapeRight";
				IPHONEOS_DEPLOYMENT_TARGET = 17.0;
				LD_RUNPATH_SEARCH_PATHS = (
					"$(inherited)",
					"@executable_path/Frameworks",
				);
				MARKETING_VERSION = 1.0;
				PRODUCT_BUNDLE_IDENTIFIER = ps.MovieApp;
				PRODUCT_NAME = "$(TARGET_NAME)";
				SWIFT_EMIT_LOC_STRINGS = YES;
				SWIFT_VERSION = 5.0;
				TARGETED_DEVICE_FAMILY = "1,2";
			};
			name = Release;
		};
		41D7C7BF2ADFC810003CC771 /* Debug */ = {
			isa = XCBuildConfiguration;
			baseConfigurationReference = 975E5EE7F7DFEED26C18C701 /* Pods-MovieAppTests.debug.xcconfig */;
			buildSettings = {
				ALWAYS_EMBED_SWIFT_STANDARD_LIBRARIES = YES;
				BUNDLE_LOADER = "$(TEST_HOST)";
				CODE_SIGN_STYLE = Automatic;
				CURRENT_PROJECT_VERSION = 1;
				GENERATE_INFOPLIST_FILE = YES;
				IPHONEOS_DEPLOYMENT_TARGET = 17.0;
				MARKETING_VERSION = 1.0;
				PRODUCT_BUNDLE_IDENTIFIER = ps.MovieAppTests;
				PRODUCT_NAME = "$(TARGET_NAME)";
				SWIFT_EMIT_LOC_STRINGS = NO;
				SWIFT_VERSION = 5.0;
				TARGETED_DEVICE_FAMILY = "1,2";
				TEST_HOST = "$(BUILT_PRODUCTS_DIR)/MovieApp.app/$(BUNDLE_EXECUTABLE_FOLDER_PATH)/MovieApp";
			};
			name = Debug;
		};
		41D7C7C02ADFC810003CC771 /* Release */ = {
			isa = XCBuildConfiguration;
			baseConfigurationReference = DE724307663EED9B799DA3CD /* Pods-MovieAppTests.release.xcconfig */;
			buildSettings = {
				ALWAYS_EMBED_SWIFT_STANDARD_LIBRARIES = YES;
				BUNDLE_LOADER = "$(TEST_HOST)";
				CODE_SIGN_STYLE = Automatic;
				CURRENT_PROJECT_VERSION = 1;
				GENERATE_INFOPLIST_FILE = YES;
				IPHONEOS_DEPLOYMENT_TARGET = 17.0;
				MARKETING_VERSION = 1.0;
				PRODUCT_BUNDLE_IDENTIFIER = ps.MovieAppTests;
				PRODUCT_NAME = "$(TARGET_NAME)";
				SWIFT_EMIT_LOC_STRINGS = NO;
				SWIFT_VERSION = 5.0;
				TARGETED_DEVICE_FAMILY = "1,2";
				TEST_HOST = "$(BUILT_PRODUCTS_DIR)/MovieApp.app/$(BUNDLE_EXECUTABLE_FOLDER_PATH)/MovieApp";
			};
			name = Release;
		};
		41D7C7C22ADFC810003CC771 /* Debug */ = {
			isa = XCBuildConfiguration;
			baseConfigurationReference = 8D0B3C7CB15AF5928603E980 /* Pods-MovieApp-MovieAppUITests.debug.xcconfig */;
			buildSettings = {
				ALWAYS_EMBED_SWIFT_STANDARD_LIBRARIES = YES;
				CODE_SIGN_STYLE = Automatic;
				CURRENT_PROJECT_VERSION = 1;
				GENERATE_INFOPLIST_FILE = YES;
				IPHONEOS_DEPLOYMENT_TARGET = 17.0;
				MARKETING_VERSION = 1.0;
				PRODUCT_BUNDLE_IDENTIFIER = ps.MovieAppUITests;
				PRODUCT_NAME = "$(TARGET_NAME)";
				SWIFT_EMIT_LOC_STRINGS = NO;
				SWIFT_VERSION = 5.0;
				TARGETED_DEVICE_FAMILY = "1,2";
				TEST_TARGET_NAME = MovieApp;
			};
			name = Debug;
		};
		41D7C7C32ADFC810003CC771 /* Release */ = {
			isa = XCBuildConfiguration;
			baseConfigurationReference = D7C5409399F1246E36A0F945 /* Pods-MovieApp-MovieAppUITests.release.xcconfig */;
			buildSettings = {
				ALWAYS_EMBED_SWIFT_STANDARD_LIBRARIES = YES;
				CODE_SIGN_STYLE = Automatic;
				CURRENT_PROJECT_VERSION = 1;
				GENERATE_INFOPLIST_FILE = YES;
				IPHONEOS_DEPLOYMENT_TARGET = 17.0;
				MARKETING_VERSION = 1.0;
				PRODUCT_BUNDLE_IDENTIFIER = ps.MovieAppUITests;
				PRODUCT_NAME = "$(TARGET_NAME)";
				SWIFT_EMIT_LOC_STRINGS = NO;
				SWIFT_VERSION = 5.0;
				TARGETED_DEVICE_FAMILY = "1,2";
				TEST_TARGET_NAME = MovieApp;
			};
			name = Release;
		};
/* End XCBuildConfiguration section */

/* Begin XCConfigurationList section */
		41D7C7922ADFC80D003CC771 /* Build configuration list for PBXProject "MovieApp" */ = {
			isa = XCConfigurationList;
			buildConfigurations = (
				41D7C7B92ADFC810003CC771 /* Debug */,
				41D7C7BA2ADFC810003CC771 /* Release */,
			);
			defaultConfigurationIsVisible = 0;
			defaultConfigurationName = Release;
		};
		41D7C7BB2ADFC810003CC771 /* Build configuration list for PBXNativeTarget "MovieApp" */ = {
			isa = XCConfigurationList;
			buildConfigurations = (
				41D7C7BC2ADFC810003CC771 /* Debug */,
				41D7C7BD2ADFC810003CC771 /* Release */,
			);
			defaultConfigurationIsVisible = 0;
			defaultConfigurationName = Release;
		};
		41D7C7BE2ADFC810003CC771 /* Build configuration list for PBXNativeTarget "MovieAppTests" */ = {
			isa = XCConfigurationList;
			buildConfigurations = (
				41D7C7BF2ADFC810003CC771 /* Debug */,
				41D7C7C02ADFC810003CC771 /* Release */,
			);
			defaultConfigurationIsVisible = 0;
			defaultConfigurationName = Release;
		};
		41D7C7C12ADFC810003CC771 /* Build configuration list for PBXNativeTarget "MovieAppUITests" */ = {
			isa = XCConfigurationList;
			buildConfigurations = (
				41D7C7C22ADFC810003CC771 /* Debug */,
				41D7C7C32ADFC810003CC771 /* Release */,
			);
			defaultConfigurationIsVisible = 0;
			defaultConfigurationName = Release;
		};
/* End XCConfigurationList section */

/* Begin XCRemoteSwiftPackageReference section */
		4110425B2AE1C9FD009811B3 /* XCRemoteSwiftPackageReference "CachedAsyncImage" */ = {
			isa = XCRemoteSwiftPackageReference;
			repositoryURL = "https://github.com/bullinnyc/CachedAsyncImage";
			requirement = {
				kind = upToNextMajorVersion;
				minimumVersion = 2.1.0;
			};
		};
		41AB8B6D2AE2D94600F074CE /* XCRemoteSwiftPackageReference "Core" */ = {
			isa = XCRemoteSwiftPackageReference;
			repositoryURL = "https://github.com/guptaaman1000/Core";
			requirement = {
				branch = main;
				kind = branch;
			};
		};
		41AB8B702AE2D95300F074CE /* XCRemoteSwiftPackageReference "SharedComponents" */ = {
			isa = XCRemoteSwiftPackageReference;
			repositoryURL = "https://github.com/guptaaman1000/SharedComponents";
			requirement = {
				branch = main;
				kind = branch;
			};
		};
		41D7C7E22AE00820003CC771 /* XCRemoteSwiftPackageReference "Swinject" */ = {
			isa = XCRemoteSwiftPackageReference;
			repositoryURL = "https://github.com/Swinject/Swinject.git";
			requirement = {
				kind = upToNextMajorVersion;
				minimumVersion = 2.0.0;
			};
		};
/* End XCRemoteSwiftPackageReference section */

/* Begin XCSwiftPackageProductDependency section */
		4110425C2AE1C9FD009811B3 /* CachedAsyncImage */ = {
			isa = XCSwiftPackageProductDependency;
			package = 4110425B2AE1C9FD009811B3 /* XCRemoteSwiftPackageReference "CachedAsyncImage" */;
			productName = CachedAsyncImage;
		};
		4110425E2AE1C9FD009811B3 /* ExampleCachedAsyncImage */ = {
			isa = XCSwiftPackageProductDependency;
			package = 4110425B2AE1C9FD009811B3 /* XCRemoteSwiftPackageReference "CachedAsyncImage" */;
			productName = ExampleCachedAsyncImage;
		};
		41AB8B6E2AE2D94600F074CE /* Core */ = {
			isa = XCSwiftPackageProductDependency;
			package = 41AB8B6D2AE2D94600F074CE /* XCRemoteSwiftPackageReference "Core" */;
			productName = Core;
		};
		41AB8B712AE2D95300F074CE /* SharedComponents */ = {
			isa = XCSwiftPackageProductDependency;
			package = 41AB8B702AE2D95300F074CE /* XCRemoteSwiftPackageReference "SharedComponents" */;
			productName = SharedComponents;
		};
		41D7C7E32AE00820003CC771 /* Swinject */ = {
			isa = XCSwiftPackageProductDependency;
			package = 41D7C7E22AE00820003CC771 /* XCRemoteSwiftPackageReference "Swinject" */;
			productName = Swinject;
		};
/* End XCSwiftPackageProductDependency section */

/* Begin XCVersionGroup section */
		416D37DD2AE7A7BD0043538C /* Movie.xcdatamodeld */ = {
			isa = XCVersionGroup;
			children = (
				416D37DE2AE7A7BD0043538C /* Movie.xcdatamodel */,
			);
			currentVersion = 416D37DE2AE7A7BD0043538C /* Movie.xcdatamodel */;
			path = Movie.xcdatamodeld;
			sourceTree = "<group>";
			versionGroupType = wrapper.xcdatamodel;
		};
/* End XCVersionGroup section */
	};
	rootObject = 41D7C78F2ADFC80D003CC771 /* Project object */;
}
